// !$*UTF8*$!
{
	archiveVersion = 1;
	classes = {
	};
	objectVersion = 55;
	objects = {

/* Begin PBXBuildFile section */
		02ECF8AA285225B900CE0EF6 /* AppDelegate.swift in Sources */ = {isa = PBXBuildFile; fileRef = 02ECF8A9285225B900CE0EF6 /* AppDelegate.swift */; };
		02ECF8AC285225B900CE0EF6 /* SceneDelegate.swift in Sources */ = {isa = PBXBuildFile; fileRef = 02ECF8AB285225B900CE0EF6 /* SceneDelegate.swift */; };
		02ECF8AE285225B900CE0EF6 /* ViewController.swift in Sources */ = {isa = PBXBuildFile; fileRef = 02ECF8AD285225B900CE0EF6 /* ViewController.swift */; };
		02ECF8B1285225B900CE0EF6 /* Main.storyboard in Resources */ = {isa = PBXBuildFile; fileRef = 02ECF8AF285225B900CE0EF6 /* Main.storyboard */; };
		02ECF8B3285225BB00CE0EF6 /* Assets.xcassets in Resources */ = {isa = PBXBuildFile; fileRef = 02ECF8B2285225BB00CE0EF6 /* Assets.xcassets */; };
		02ECF8B6285225BB00CE0EF6 /* LaunchScreen.storyboard in Resources */ = {isa = PBXBuildFile; fileRef = 02ECF8B4285225BB00CE0EF6 /* LaunchScreen.storyboard */; };
		02ECF8BF2852261100CE0EF6 /* JsonTools.swift in Sources */ = {isa = PBXBuildFile; fileRef = 02ECF8BE2852261100CE0EF6 /* JsonTools.swift */; };
		02ECF8C2285228E100CE0EF6 /* currentUser.swift in Sources */ = {isa = PBXBuildFile; fileRef = 02ECF8C1285228E100CE0EF6 /* currentUser.swift */; };
		02ECF8C42852294900CE0EF6 /* artist.swift in Sources */ = {isa = PBXBuildFile; fileRef = 02ECF8C32852294900CE0EF6 /* artist.swift */; };
		02ECF8C628522D9200CE0EF6 /* Data.json in Resources */ = {isa = PBXBuildFile; fileRef = 02ECF8C528522D9100CE0EF6 /* Data.json */; };
		02ECF8C828522E3000CE0EF6 /* Settings.swift in Sources */ = {isa = PBXBuildFile; fileRef = 02ECF8C728522E3000CE0EF6 /* Settings.swift */; };
		02ECF8CB28523E4400CE0EF6 /* topFiveController.swift in Sources */ = {isa = PBXBuildFile; fileRef = 02ECF8CA28523E4400CE0EF6 /* topFiveController.swift */; };
		02ECF8CD28524D3400CE0EF6 /* ArtistTableViewCell.swift in Sources */ = {isa = PBXBuildFile; fileRef = 02ECF8CC28524D3400CE0EF6 /* ArtistTableViewCell.swift */; };
		02ECF8D0285262C000CE0EF6 /* asyncImage.swift in Sources */ = {isa = PBXBuildFile; fileRef = 02ECF8CF285262C000CE0EF6 /* asyncImage.swift */; };
		02ECF8D5285271DB00CE0EF6 /* artistDetailsViewController.swift in Sources */ = {isa = PBXBuildFile; fileRef = 02ECF8D4285271DB00CE0EF6 /* artistDetailsViewController.swift */; };
		02ECF8D82852F95300CE0EF6 /* CustomTableViewCell.swift in Sources */ = {isa = PBXBuildFile; fileRef = 02ECF8D62852F95300CE0EF6 /* CustomTableViewCell.swift */; };
		02ECF8D92852F95300CE0EF6 /* CustomTableViewCell.xib in Resources */ = {isa = PBXBuildFile; fileRef = 02ECF8D72852F95300CE0EF6 /* CustomTableViewCell.xib */; };
/* End PBXBuildFile section */

/* Begin PBXFileReference section */
		02ECF8A6285225B900CE0EF6 /* MusicInfoApp.app */ = {isa = PBXFileReference; explicitFileType = wrapper.application; includeInIndex = 0; path = MusicInfoApp.app; sourceTree = BUILT_PRODUCTS_DIR; };
		02ECF8A9285225B900CE0EF6 /* AppDelegate.swift */ = {isa = PBXFileReference; lastKnownFileType = sourcecode.swift; path = AppDelegate.swift; sourceTree = "<group>"; };
		02ECF8AB285225B900CE0EF6 /* SceneDelegate.swift */ = {isa = PBXFileReference; lastKnownFileType = sourcecode.swift; path = SceneDelegate.swift; sourceTree = "<group>"; };
		02ECF8AD285225B900CE0EF6 /* ViewController.swift */ = {isa = PBXFileReference; lastKnownFileType = sourcecode.swift; path = ViewController.swift; sourceTree = "<group>"; };
		02ECF8B0285225B900CE0EF6 /* Base */ = {isa = PBXFileReference; lastKnownFileType = file.storyboard; name = Base; path = Base.lproj/Main.storyboard; sourceTree = "<group>"; };
		02ECF8B2285225BB00CE0EF6 /* Assets.xcassets */ = {isa = PBXFileReference; lastKnownFileType = folder.assetcatalog; path = Assets.xcassets; sourceTree = "<group>"; };
		02ECF8B5285225BB00CE0EF6 /* Base */ = {isa = PBXFileReference; lastKnownFileType = file.storyboard; name = Base; path = Base.lproj/LaunchScreen.storyboard; sourceTree = "<group>"; };
		02ECF8B7285225BB00CE0EF6 /* Info.plist */ = {isa = PBXFileReference; lastKnownFileType = text.plist.xml; path = Info.plist; sourceTree = "<group>"; };
		02ECF8BE2852261100CE0EF6 /* JsonTools.swift */ = {isa = PBXFileReference; lastKnownFileType = sourcecode.swift; path = JsonTools.swift; sourceTree = "<group>"; };
		02ECF8C1285228E100CE0EF6 /* currentUser.swift */ = {isa = PBXFileReference; lastKnownFileType = sourcecode.swift; path = currentUser.swift; sourceTree = "<group>"; };
		02ECF8C32852294900CE0EF6 /* artist.swift */ = {isa = PBXFileReference; lastKnownFileType = sourcecode.swift; path = artist.swift; sourceTree = "<group>"; };
		02ECF8C528522D9100CE0EF6 /* Data.json */ = {isa = PBXFileReference; fileEncoding = 4; lastKnownFileType = text.json; path = Data.json; sourceTree = "<group>"; };
		02ECF8C728522E3000CE0EF6 /* Settings.swift */ = {isa = PBXFileReference; lastKnownFileType = sourcecode.swift; path = Settings.swift; sourceTree = "<group>"; };
		02ECF8CA28523E4400CE0EF6 /* topFiveController.swift */ = {isa = PBXFileReference; lastKnownFileType = sourcecode.swift; path = topFiveController.swift; sourceTree = "<group>"; };
		02ECF8CC28524D3400CE0EF6 /* ArtistTableViewCell.swift */ = {isa = PBXFileReference; lastKnownFileType = sourcecode.swift; path = ArtistTableViewCell.swift; sourceTree = "<group>"; };
		02ECF8CF285262C000CE0EF6 /* asyncImage.swift */ = {isa = PBXFileReference; lastKnownFileType = sourcecode.swift; path = asyncImage.swift; sourceTree = "<group>"; };
		02ECF8D4285271DB00CE0EF6 /* artistDetailsViewController.swift */ = {isa = PBXFileReference; lastKnownFileType = sourcecode.swift; path = artistDetailsViewController.swift; sourceTree = "<group>"; };
		02ECF8D62852F95300CE0EF6 /* CustomTableViewCell.swift */ = {isa = PBXFileReference; lastKnownFileType = sourcecode.swift; path = CustomTableViewCell.swift; sourceTree = "<group>"; };
		02ECF8D72852F95300CE0EF6 /* CustomTableViewCell.xib */ = {isa = PBXFileReference; lastKnownFileType = file.xib; path = CustomTableViewCell.xib; sourceTree = "<group>"; };
/* End PBXFileReference section */

/* Begin PBXFrameworksBuildPhase section */
		02ECF8A3285225B900CE0EF6 /* Frameworks */ = {
			isa = PBXFrameworksBuildPhase;
			buildActionMask = 2147483647;
			files = (
			);
			runOnlyForDeploymentPostprocessing = 0;
		};
/* End PBXFrameworksBuildPhase section */

/* Begin PBXGroup section */
		02ECF89D285225B900CE0EF6 = {
			isa = PBXGroup;
			children = (
				02ECF8A8285225B900CE0EF6 /* MusicInfoApp */,
				02ECF8A7285225B900CE0EF6 /* Products */,
			);
			sourceTree = "<group>";
		};
		02ECF8A7285225B900CE0EF6 /* Products */ = {
			isa = PBXGroup;
			children = (
				02ECF8A6285225B900CE0EF6 /* MusicInfoApp.app */,
			);
			name = Products;
			sourceTree = "<group>";
		};
		02ECF8A8285225B900CE0EF6 /* MusicInfoApp */ = {
			isa = PBXGroup;
			children = (
				02ECF8CE285262B300CE0EF6 /* extensions */,
				02ECF8C928523E1B00CE0EF6 /* subClass */,
				02ECF8C528522D9100CE0EF6 /* Data.json */,
				02ECF8C0285228C300CE0EF6 /* models */,
				02ECF8BD285225D700CE0EF6 /* dataProvider */,
				02ECF8A9285225B900CE0EF6 /* AppDelegate.swift */,
				02ECF8AB285225B900CE0EF6 /* SceneDelegate.swift */,
				02ECF8AD285225B900CE0EF6 /* ViewController.swift */,
				02ECF8AF285225B900CE0EF6 /* Main.storyboard */,
				02ECF8B2285225BB00CE0EF6 /* Assets.xcassets */,
				02ECF8B4285225BB00CE0EF6 /* LaunchScreen.storyboard */,
				02ECF8B7285225BB00CE0EF6 /* Info.plist */,
			);
			path = MusicInfoApp;
			sourceTree = "<group>";
		};
		02ECF8BD285225D700CE0EF6 /* dataProvider */ = {
			isa = PBXGroup;
			children = (
				02ECF8BE2852261100CE0EF6 /* JsonTools.swift */,
				02ECF8C728522E3000CE0EF6 /* Settings.swift */,
			);
			path = dataProvider;
			sourceTree = "<group>";
		};
		02ECF8C0285228C300CE0EF6 /* models */ = {
			isa = PBXGroup;
			children = (
				02ECF8C1285228E100CE0EF6 /* currentUser.swift */,
				02ECF8C32852294900CE0EF6 /* artist.swift */,
			);
			path = models;
			sourceTree = "<group>";
		};
		02ECF8C928523E1B00CE0EF6 /* subClass */ = {
			isa = PBXGroup;
			children = (
				02ECF8CA28523E4400CE0EF6 /* topFiveController.swift */,
				02ECF8CC28524D3400CE0EF6 /* ArtistTableViewCell.swift */,
				02ECF8D62852F95300CE0EF6 /* CustomTableViewCell.swift */,
				02ECF8D72852F95300CE0EF6 /* CustomTableViewCell.xib */,
				02ECF8D4285271DB00CE0EF6 /* artistDetailsViewController.swift */,
			);
			path = subClass;
			sourceTree = "<group>";
		};
		02ECF8CE285262B300CE0EF6 /* extensions */ = {
			isa = PBXGroup;
			children = (
				02ECF8CF285262C000CE0EF6 /* asyncImage.swift */,
			);
			path = extensions;
			sourceTree = "<group>";
		};
/* End PBXGroup section */

/* Begin PBXNativeTarget section */
		02ECF8A5285225B900CE0EF6 /* MusicInfoApp */ = {
			isa = PBXNativeTarget;
			buildConfigurationList = 02ECF8BA285225BB00CE0EF6 /* Build configuration list for PBXNativeTarget "MusicInfoApp" */;
			buildPhases = (
				02ECF8A2285225B900CE0EF6 /* Sources */,
				02ECF8A3285225B900CE0EF6 /* Frameworks */,
				02ECF8A4285225B900CE0EF6 /* Resources */,
			);
			buildRules = (
			);
			dependencies = (
			);
			name = MusicInfoApp;
			productName = MusicInfoApp;
			productReference = 02ECF8A6285225B900CE0EF6 /* MusicInfoApp.app */;
			productType = "com.apple.product-type.application";
		};
/* End PBXNativeTarget section */

/* Begin PBXProject section */
		02ECF89E285225B900CE0EF6 /* Project object */ = {
			isa = PBXProject;
			attributes = {
				BuildIndependentTargetsInParallel = 1;
				LastSwiftUpdateCheck = 1340;
				LastUpgradeCheck = 1340;
				TargetAttributes = {
					02ECF8A5285225B900CE0EF6 = {
						CreatedOnToolsVersion = 13.4;
					};
				};
			};
			buildConfigurationList = 02ECF8A1285225B900CE0EF6 /* Build configuration list for PBXProject "MusicInfoApp" */;
			compatibilityVersion = "Xcode 13.0";
			developmentRegion = en;
			hasScannedForEncodings = 0;
			knownRegions = (
				en,
				Base,
			);
			mainGroup = 02ECF89D285225B900CE0EF6;
			productRefGroup = 02ECF8A7285225B900CE0EF6 /* Products */;
			projectDirPath = "";
			projectRoot = "";
			targets = (
				02ECF8A5285225B900CE0EF6 /* MusicInfoApp */,
			);
		};
/* End PBXProject section */

/* Begin PBXResourcesBuildPhase section */
		02ECF8A4285225B900CE0EF6 /* Resources */ = {
			isa = PBXResourcesBuildPhase;
			buildActionMask = 2147483647;
			files = (
				02ECF8B6285225BB00CE0EF6 /* LaunchScreen.storyboard in Resources */,
				02ECF8B3285225BB00CE0EF6 /* Assets.xcassets in Resources */,
				02ECF8B1285225B900CE0EF6 /* Main.storyboard in Resources */,
				02ECF8D92852F95300CE0EF6 /* CustomTableViewCell.xib in Resources */,
				02ECF8C628522D9200CE0EF6 /* Data.json in Resources */,
			);
			runOnlyForDeploymentPostprocessing = 0;
		};
/* End PBXResourcesBuildPhase section */

/* Begin PBXSourcesBuildPhase section */
		02ECF8A2285225B900CE0EF6 /* Sources */ = {
			isa = PBXSourcesBuildPhase;
			buildActionMask = 2147483647;
			files = (
				02ECF8C42852294900CE0EF6 /* artist.swift in Sources */,
				02ECF8BF2852261100CE0EF6 /* JsonTools.swift in Sources */,
				02ECF8C828522E3000CE0EF6 /* Settings.swift in Sources */,
				02ECF8D5285271DB00CE0EF6 /* artistDetailsViewController.swift in Sources */,
				02ECF8AE285225B900CE0EF6 /* ViewController.swift in Sources */,
				02ECF8CD28524D3400CE0EF6 /* ArtistTableViewCell.swift in Sources */,
				02ECF8D82852F95300CE0EF6 /* CustomTableViewCell.swift in Sources */,
				02ECF8D0285262C000CE0EF6 /* asyncImage.swift in Sources */,
				02ECF8CB28523E4400CE0EF6 /* topFiveController.swift in Sources */,
				02ECF8AA285225B900CE0EF6 /* AppDelegate.swift in Sources */,
				02ECF8C2285228E100CE0EF6 /* currentUser.swift in Sources */,
				02ECF8AC285225B900CE0EF6 /* SceneDelegate.swift in Sources */,
			);
			runOnlyForDeploymentPostprocessing = 0;
		};
/* End PBXSourcesBuildPhase section */

/* Begin PBXVariantGroup section */
		02ECF8AF285225B900CE0EF6 /* Main.storyboard */ = {
			isa = PBXVariantGroup;
			children = (
				02ECF8B0285225B900CE0EF6 /* Base */,
			);
			name = Main.storyboard;
			sourceTree = "<group>";
		};
		02ECF8B4285225BB00CE0EF6 /* LaunchScreen.storyboard */ = {
			isa = PBXVariantGroup;
			children = (
				02ECF8B5285225BB00CE0EF6 /* Base */,
			);
			name = LaunchScreen.storyboard;
			sourceTree = "<group>";
		};
/* End PBXVariantGroup section */

/* Begin XCBuildConfiguration section */
		02ECF8B8285225BB00CE0EF6 /* Debug */ = {
			isa = XCBuildConfiguration;
			buildSettings = {
				ALWAYS_SEARCH_USER_PATHS = NO;
				CLANG_ANALYZER_NONNULL = YES;
				CLANG_ANALYZER_NUMBER_OBJECT_CONVERSION = YES_AGGRESSIVE;
				CLANG_CXX_LANGUAGE_STANDARD = "gnu++17";
				CLANG_ENABLE_MODULES = YES;
				CLANG_ENABLE_OBJC_ARC = YES;
				CLANG_ENABLE_OBJC_WEAK = YES;
				CLANG_WARN_BLOCK_CAPTURE_AUTORELEASING = YES;
				CLANG_WARN_BOOL_CONVERSION = YES;
				CLANG_WARN_COMMA = YES;
				CLANG_WARN_CONSTANT_CONVERSION = YES;
				CLANG_WARN_DEPRECATED_OBJC_IMPLEMENTATIONS = YES;
				CLANG_WARN_DIRECT_OBJC_ISA_USAGE = YES_ERROR;
				CLANG_WARN_DOCUMENTATION_COMMENTS = YES;
				CLANG_WARN_EMPTY_BODY = YES;
				CLANG_WARN_ENUM_CONVERSION = YES;
				CLANG_WARN_INFINITE_RECURSION = YES;
				CLANG_WARN_INT_CONVERSION = YES;
				CLANG_WARN_NON_LITERAL_NULL_CONVERSION = YES;
				CLANG_WARN_OBJC_IMPLICIT_RETAIN_SELF = YES;
				CLANG_WARN_OBJC_LITERAL_CONVERSION = YES;
				CLANG_WARN_OBJC_ROOT_CLASS = YES_ERROR;
				CLANG_WARN_QUOTED_INCLUDE_IN_FRAMEWORK_HEADER = YES;
				CLANG_WARN_RANGE_LOOP_ANALYSIS = YES;
				CLANG_WARN_STRICT_PROTOTYPES = YES;
				CLANG_WARN_SUSPICIOUS_MOVE = YES;
				CLANG_WARN_UNGUARDED_AVAILABILITY = YES_AGGRESSIVE;
				CLANG_WARN_UNREACHABLE_CODE = YES;
				CLANG_WARN__DUPLICATE_METHOD_MATCH = YES;
				COPY_PHASE_STRIP = NO;
				DEBUG_INFORMATION_FORMAT = dwarf;
				ENABLE_STRICT_OBJC_MSGSEND = YES;
				ENABLE_TESTABILITY = YES;
				GCC_C_LANGUAGE_STANDARD = gnu11;
				GCC_DYNAMIC_NO_PIC = NO;
				GCC_NO_COMMON_BLOCKS = YES;
				GCC_OPTIMIZATION_LEVEL = 0;
				GCC_PREPROCESSOR_DEFINITIONS = (
					"DEBUG=1",
					"$(inherited)",
				);
				GCC_WARN_64_TO_32_BIT_CONVERSION = YES;
				GCC_WARN_ABOUT_RETURN_TYPE = YES_ERROR;
				GCC_WARN_UNDECLARED_SELECTOR = YES;
				GCC_WARN_UNINITIALIZED_AUTOS = YES_AGGRESSIVE;
				GCC_WARN_UNUSED_FUNCTION = YES;
				GCC_WARN_UNUSED_VARIABLE = YES;
				IPHONEOS_DEPLOYMENT_TARGET = 15.5;
				MTL_ENABLE_DEBUG_INFO = INCLUDE_SOURCE;
				MTL_FAST_MATH = YES;
				ONLY_ACTIVE_ARCH = YES;
				SDKROOT = iphoneos;
				SWIFT_ACTIVE_COMPILATION_CONDITIONS = DEBUG;
				SWIFT_OPTIMIZATION_LEVEL = "-Onone";
			};
			name = Debug;
		};
		02ECF8B9285225BB00CE0EF6 /* Release */ = {
			isa = XCBuildConfiguration;
			buildSettings = {
				ALWAYS_SEARCH_USER_PATHS = NO;
				CLANG_ANALYZER_NONNULL = YES;
				CLANG_ANALYZER_NUMBER_OBJECT_CONVERSION = YES_AGGRESSIVE;
				CLANG_CXX_LANGUAGE_STANDARD = "gnu++17";
				CLANG_ENABLE_MODULES = YES;
				CLANG_ENABLE_OBJC_ARC = YES;
				CLANG_ENABLE_OBJC_WEAK = YES;
				CLANG_WARN_BLOCK_CAPTURE_AUTORELEASING = YES;
				CLANG_WARN_BOOL_CONVERSION = YES;
				CLANG_WARN_COMMA = YES;
				CLANG_WARN_CONSTANT_CONVERSION = YES;
				CLANG_WARN_DEPRECATED_OBJC_IMPLEMENTATIONS = YES;
				CLANG_WARN_DIRECT_OBJC_ISA_USAGE = YES_ERROR;
				CLANG_WARN_DOCUMENTATION_COMMENTS = YES;
				CLANG_WARN_EMPTY_BODY = YES;
				CLANG_WARN_ENUM_CONVERSION = YES;
				CLANG_WARN_INFINITE_RECURSION = YES;
				CLANG_WARN_INT_CONVERSION = YES;
				CLANG_WARN_NON_LITERAL_NULL_CONVERSION = YES;
				CLANG_WARN_OBJC_IMPLICIT_RETAIN_SELF = YES;
				CLANG_WARN_OBJC_LITERAL_CONVERSION = YES;
				CLANG_WARN_OBJC_ROOT_CLASS = YES_ERROR;
				CLANG_WARN_QUOTED_INCLUDE_IN_FRAMEWORK_HEADER = YES;
				CLANG_WARN_RANGE_LOOP_ANALYSIS = YES;
				CLANG_WARN_STRICT_PROTOTYPES = YES;
				CLANG_WARN_SUSPICIOUS_MOVE = YES;
				CLANG_WARN_UNGUARDED_AVAILABILITY = YES_AGGRESSIVE;
				CLANG_WARN_UNREACHABLE_CODE = YES;
				CLANG_WARN__DUPLICATE_METHOD_MATCH = YES;
				COPY_PHASE_STRIP = NO;
				DEBUG_INFORMATION_FORMAT = "dwarf-with-dsym";
				ENABLE_NS_ASSERTIONS = NO;
				ENABLE_STRICT_OBJC_MSGSEND = YES;
				GCC_C_LANGUAGE_STANDARD = gnu11;
				GCC_NO_COMMON_BLOCKS = YES;
				GCC_WARN_64_TO_32_BIT_CONVERSION = YES;
				GCC_WARN_ABOUT_RETURN_TYPE = YES_ERROR;
				GCC_WARN_UNDECLARED_SELECTOR = YES;
				GCC_WARN_UNINITIALIZED_AUTOS = YES_AGGRESSIVE;
				GCC_WARN_UNUSED_FUNCTION = YES;
				GCC_WARN_UNUSED_VARIABLE = YES;
				IPHONEOS_DEPLOYMENT_TARGET = 15.5;
				MTL_ENABLE_DEBUG_INFO = NO;
				MTL_FAST_MATH = YES;
				SDKROOT = iphoneos;
				SWIFT_COMPILATION_MODE = wholemodule;
				SWIFT_OPTIMIZATION_LEVEL = "-O";
				VALIDATE_PRODUCT = YES;
			};
			name = Release;
		};
		02ECF8BB285225BB00CE0EF6 /* Debug */ = {
			isa = XCBuildConfiguration;
			buildSettings = {
				ASSETCATALOG_COMPILER_APPICON_NAME = AppIcon;
				ASSETCATALOG_COMPILER_GLOBAL_ACCENT_COLOR_NAME = AccentColor;
				CODE_SIGN_STYLE = Automatic;
				CURRENT_PROJECT_VERSION = 1;
				DEVELOPMENT_TEAM = 696V2968Y3;
				GENERATE_INFOPLIST_FILE = YES;
				INFOPLIST_FILE = MusicInfoApp/Info.plist;
				INFOPLIST_KEY_UIApplicationSupportsIndirectInputEvents = YES;
				INFOPLIST_KEY_UILaunchStoryboardName = LaunchScreen;
				INFOPLIST_KEY_UIMainStoryboardFile = Main;
				INFOPLIST_KEY_UISupportedInterfaceOrientations_iPad = "UIInterfaceOrientationPortrait UIInterfaceOrientationPortraitUpsideDown UIInterfaceOrientationLandscapeLeft UIInterfaceOrientationLandscapeRight";
				INFOPLIST_KEY_UISupportedInterfaceOrientations_iPhone = "UIInterfaceOrientationPortrait UIInterfaceOrientationLandscapeLeft UIInterfaceOrientationLandscapeRight";
				LD_RUNPATH_SEARCH_PATHS = (
					"$(inherited)",
					"@executable_path/Frameworks",
				);
				MARKETING_VERSION = 1.0;
				PRODUCT_BUNDLE_IDENTIFIER = com.robertsoft.excercise.MusicInfoApp;
				PRODUCT_NAME = "$(TARGET_NAME)";
				SWIFT_EMIT_LOC_STRINGS = YES;
				SWIFT_VERSION = 5.0;
				TARGETED_DEVICE_FAMILY = "1,2";
			};
			name = Debug;
		};
		02ECF8BC285225BB00CE0EF6 /* Release */ = {
			isa = XCBuildConfiguration;
			buildSettings = {
				ASSETCATALOG_COMPILER_APPICON_NAME = AppIcon;
				ASSETCATALOG_COMPILER_GLOBAL_ACCENT_COLOR_NAME = AccentColor;
				CODE_SIGN_STYLE = Automatic;
				CURRENT_PROJECT_VERSION = 1;
				DEVELOPMENT_TEAM = 696V2968Y3;
				GENERATE_INFOPLIST_FILE = YES;
				INFOPLIST_FILE = MusicInfoApp/Info.plist;
				INFOPLIST_KEY_UIApplicationSupportsIndirectInputEvents = YES;
				INFOPLIST_KEY_UILaunchStoryboardName = LaunchScreen;
				INFOPLIST_KEY_UIMainStoryboardFile = Main;
				INFOPLIST_KEY_UISupportedInterfaceOrientations_iPad = "UIInterfaceOrientationPortrait UIInterfaceOrientationPortraitUpsideDown UIInterfaceOrientationLandscapeLeft UIInterfaceOrientationLandscapeRight";
				INFOPLIST_KEY_UISupportedInterfaceOrientations_iPhone = "UIInterfaceOrientationPortrait UIInterfaceOrientationLandscapeLeft UIInterfaceOrientationLandscapeRight";
				LD_RUNPATH_SEARCH_PATHS = (
					"$(inherited)",
					"@executable_path/Frameworks",
				);
				MARKETING_VERSION = 1.0;
				PRODUCT_BUNDLE_IDENTIFIER = com.robertsoft.excercise.MusicInfoApp;
				PRODUCT_NAME = "$(TARGET_NAME)";
				SWIFT_EMIT_LOC_STRINGS = YES;
				SWIFT_VERSION = 5.0;
				TARGETED_DEVICE_FAMILY = "1,2";
			};
			name = Release;
		};
/* End XCBuildConfiguration section */

/* Begin XCConfigurationList section */
		02ECF8A1285225B900CE0EF6 /* Build configuration list for PBXProject "MusicInfoApp" */ = {
			isa = XCConfigurationList;
			buildConfigurations = (
				02ECF8B8285225BB00CE0EF6 /* Debug */,
				02ECF8B9285225BB00CE0EF6 /* Release */,
			);
			defaultConfigurationIsVisible = 0;
			defaultConfigurationName = Release;
		};
		02ECF8BA285225BB00CE0EF6 /* Build configuration list for PBXNativeTarget "MusicInfoApp" */ = {
			isa = XCConfigurationList;
			buildConfigurations = (
				02ECF8BB285225BB00CE0EF6 /* Debug */,
				02ECF8BC285225BB00CE0EF6 /* Release */,
			);
			defaultConfigurationIsVisible = 0;
			defaultConfigurationName = Release;
		};
/* End XCConfigurationList section */
	};
	rootObject = 02ECF89E285225B900CE0EF6 /* Project object */;
}
